
Microsoft Visual Studio Solution File, Format Version 12.00
# Visual Studio Version 17
VisualStudioVersion = 17.5.33502.453
MinimumVisualStudioVersion = 10.0.40219.1
Project("{FAE04EC0-301F-11D3-BF4B-00C04F79EFBC}") = "task1", "task1.csproj", "{A36CE9E1-5CA8-48D9-A789-8BDE320D60A3}"
EndProject
Global
	GlobalSection(SolutionConfigurationPlatforms) = preSolution
		Debug|Any CPU = Debug|Any CPU
		Release|Any CPU = Release|Any CPU
	EndGlobalSection
	GlobalSection(ProjectConfigurationPlatforms) = postSolution
		{A36CE9E1-5CA8-48D9-A789-8BDE320D60A3}.Debug|Any CPU.ActiveCfg = Debug|Any CPU
		{A36CE9E1-5CA8-48D9-A789-8BDE320D60A3}.Debug|Any CPU.Build.0 = Debug|Any CPU
		{A36CE9E1-5CA8-48D9-A789-8BDE320D60A3}.Release|Any CPU.ActiveCfg = Release|Any CPU
		{A36CE9E1-5CA8-48D9-A789-8BDE320D60A3}.Release|Any CPU.Build.0 = Release|Any CPU
	EndGlobalSection
	GlobalSection(SolutionProperties) = preSolution
		HideSolutionNode = FALSE
	EndGlobalSection
	GlobalSection(ExtensibilityGlobals) = postSolution
		SolutionGuid = {4ABAE4B8-4B0F-43FF-B9FC-B144F3D22CAA}
	EndGlobalSection
EndGlobal
